
Microsoft Visual Studio Solution File, Format Version 12.00
# Visual Studio 2013
VisualStudioVersion = 12.0.30501.0
MinimumVisualStudioVersion = 10.0.40219.1
Project("{8BC9CEB8-8B4A-11D0-8D11-00A0C91BC942}") = "Tokenizer", "Tokenizer\Tokenizer.vcxproj", "{F1332CE1-E5B3-4863-AC7D-009111B9676D}"
EndProject
Project("{8BC9CEB8-8B4A-11D0-8D11-00A0C91BC942}") = "Parser", "Parser\Parser.vcxproj", "{CE5E137C-283E-447A-A18D-8CF39E6AFC94}"
EndProject
Global
	GlobalSection(SolutionConfigurationPlatforms) = preSolution
		Debug|Win32 = Debug|Win32
		Release|Win32 = Release|Win32
	EndGlobalSection
	GlobalSection(ProjectConfigurationPlatforms) = postSolution
		{F1332CE1-E5B3-4863-AC7D-009111B9676D}.Debug|Win32.ActiveCfg = Debug|Win32
		{F1332CE1-E5B3-4863-AC7D-009111B9676D}.Debug|Win32.Build.0 = Debug|Win32
		{F1332CE1-E5B3-4863-AC7D-009111B9676D}.Release|Win32.ActiveCfg = Release|Win32
		{F1332CE1-E5B3-4863-AC7D-009111B9676D}.Release|Win32.Build.0 = Release|Win32
		{CE5E137C-283E-447A-A18D-8CF39E6AFC94}.Debug|Win32.ActiveCfg = Debug|Win32
		{CE5E137C-283E-447A-A18D-8CF39E6AFC94}.Debug|Win32.Build.0 = Debug|Win32
		{CE5E137C-283E-447A-A18D-8CF39E6AFC94}.Release|Win32.ActiveCfg = Release|Win32
		{CE5E137C-283E-447A-A18D-8CF39E6AFC94}.Release|Win32.Build.0 = Release|Win32
	EndGlobalSection
	GlobalSection(SolutionProperties) = preSolution
		HideSolutionNode = FALSE
	EndGlobalSection
EndGlobal
